
Microsoft Visual Studio Solution File, Format Version 12.00
# Visual Studio Version 16
VisualStudioVersion = 16.0.31624.102
MinimumVisualStudioVersion = 10.0.40219.1
Project("{FAE04EC0-301F-11D3-BF4B-00C04F79EFBC}") = "Assignment2QA", "Assignment2QA\Assignment2QA.csproj", "{D3F4E56D-C8AE-443D-8601-8AEA04B42315}"
EndProject
Project("{FAE04EC0-301F-11D3-BF4B-00C04F79EFBC}") = "Assignment2QATests", "Assignment2QATests\Assignment2QATests.csproj", "{E0BB3D51-8B0B-429F-B8C6-E93D401EB5CA}"
EndProject
Global
	GlobalSection(SolutionConfigurationPlatforms) = preSolution
		Debug|Any CPU = Debug|Any CPU
		Release|Any CPU = Release|Any CPU
	EndGlobalSection
	GlobalSection(ProjectConfigurationPlatforms) = postSolution
		{D3F4E56D-C8AE-443D-8601-8AEA04B42315}.Debug|Any CPU.ActiveCfg = Debug|Any CPU
		{D3F4E56D-C8AE-443D-8601-8AEA04B42315}.Debug|Any CPU.Build.0 = Debug|Any CPU
		{D3F4E56D-C8AE-443D-8601-8AEA04B42315}.Release|Any CPU.ActiveCfg = Release|Any CPU
		{D3F4E56D-C8AE-443D-8601-8AEA04B42315}.Release|Any CPU.Build.0 = Release|Any CPU
		{E0BB3D51-8B0B-429F-B8C6-E93D401EB5CA}.Debug|Any CPU.ActiveCfg = Debug|Any CPU
		{E0BB3D51-8B0B-429F-B8C6-E93D401EB5CA}.Debug|Any CPU.Build.0 = Debug|Any CPU
		{E0BB3D51-8B0B-429F-B8C6-E93D401EB5CA}.Release|Any CPU.ActiveCfg = Release|Any CPU
		{E0BB3D51-8B0B-429F-B8C6-E93D401EB5CA}.Release|Any CPU.Build.0 = Release|Any CPU
	EndGlobalSection
	GlobalSection(SolutionProperties) = preSolution
		HideSolutionNode = FALSE
	EndGlobalSection
	GlobalSection(ExtensibilityGlobals) = postSolution
		SolutionGuid = {16262A97-F883-453C-B03D-74EE5D5FC0CA}
	EndGlobalSection
EndGlobal
